
Microsoft Visual Studio Solution File, Format Version 12.00
# Visual Studio Version 16
VisualStudioVersion = 16.0.31205.134
MinimumVisualStudioVersion = 10.0.40219.1
Project("{FAE04EC0-301F-11D3-BF4B-00C04F79EFBC}") = "notpaad", "notpaad.csproj", "{0425FF18-440E-4297-8F16-FE39630CB08B}"
EndProject
Global
	GlobalSection(SolutionConfigurationPlatforms) = preSolution
		Debug|Any CPU = Debug|Any CPU
		Release|Any CPU = Release|Any CPU
	EndGlobalSection
	GlobalSection(ProjectConfigurationPlatforms) = postSolution
		{0425FF18-440E-4297-8F16-FE39630CB08B}.Debug|Any CPU.ActiveCfg = Debug|Any CPU
		{0425FF18-440E-4297-8F16-FE39630CB08B}.Debug|Any CPU.Build.0 = Debug|Any CPU
		{0425FF18-440E-4297-8F16-FE39630CB08B}.Release|Any CPU.ActiveCfg = Release|Any CPU
		{0425FF18-440E-4297-8F16-FE39630CB08B}.Release|Any CPU.Build.0 = Release|Any CPU
	EndGlobalSection
	GlobalSection(SolutionProperties) = preSolution
		HideSolutionNode = FALSE
	EndGlobalSection
	GlobalSection(ExtensibilityGlobals) = postSolution
		SolutionGuid = {C1916524-226A-4380-A265-C5CD5253B156}
	EndGlobalSection
EndGlobal
